
Microsoft Visual Studio Solution File, Format Version 12.00
# Visual Studio 15
VisualStudioVersion = 15.0.28307.168
MinimumVisualStudioVersion = 10.0.40219.1
Project("{8BC9CEB8-8B4A-11D0-8D11-00A0C91BC942}") = "WindowsProject.Desktop", "WindowsProject.Desktop\WindowsProject.Desktop.vcxproj", "{B606D306-D7A4-4358-9B4B-E109F479B364}"
EndProject
Global
	GlobalSection(SolutionConfigurationPlatforms) = preSolution
		Debug|x64 = Debug|x64
		Debug|x86 = Debug|x86
		Release|x64 = Release|x64
		Release|x86 = Release|x86
	EndGlobalSection
	GlobalSection(ProjectConfigurationPlatforms) = postSolution
		{B606D306-D7A4-4358-9B4B-E109F479B364}.Debug|x64.ActiveCfg = Debug|x64
		{B606D306-D7A4-4358-9B4B-E109F479B364}.Debug|x64.Build.0 = Debug|x64
		{B606D306-D7A4-4358-9B4B-E109F479B364}.Debug|x86.ActiveCfg = Debug|Win32
		{B606D306-D7A4-4358-9B4B-E109F479B364}.Debug|x86.Build.0 = Debug|Win32
		{B606D306-D7A4-4358-9B4B-E109F479B364}.Release|x64.ActiveCfg = Release|x64
		{B606D306-D7A4-4358-9B4B-E109F479B364}.Release|x64.Build.0 = Release|x64
		{B606D306-D7A4-4358-9B4B-E109F479B364}.Release|x86.ActiveCfg = Release|Win32
		{B606D306-D7A4-4358-9B4B-E109F479B364}.Release|x86.Build.0 = Release|Win32
	EndGlobalSection
	GlobalSection(SolutionProperties) = preSolution
		HideSolutionNode = FALSE
	EndGlobalSection
	GlobalSection(ExtensibilityGlobals) = postSolution
		SolutionGuid = {007D26E0-41D1-415E-84C6-28348AD4CF9F}
	EndGlobalSection
EndGlobal
